
Microsoft Visual Studio Solution File, Format Version 12.00
# Visual Studio Version 16
VisualStudioVersion = 16.0.31129.286
MinimumVisualStudioVersion = 10.0.40219.1
Project("{9A19103F-16F7-4668-BE54-9A1E7A4F7556}") = "EventStoreApp", "EventStoreApp\EventStoreApp.csproj", "{5E99C460-34E0-488C-AB3C-98433389ADF9}"
EndProject
Project("{FAE04EC0-301F-11D3-BF4B-00C04F79EFBC}") = "EventStoreApp.Core", "EventStoreApp.Core\EventStoreApp.Core.csproj", "{F5F63166-2745-4CB2-84CB-94C472CDEE20}"
EndProject
Project("{FAE04EC0-301F-11D3-BF4B-00C04F79EFBC}") = "EventStoreState", "EventStoreState\EventStoreState.csproj", "{34C31D63-0796-457F-8630-6AD43865A439}"
EndProject
Global
	GlobalSection(SolutionConfigurationPlatforms) = preSolution
		Debug|Any CPU = Debug|Any CPU
		Release|Any CPU = Release|Any CPU
	EndGlobalSection
	GlobalSection(ProjectConfigurationPlatforms) = postSolution
		{5E99C460-34E0-488C-AB3C-98433389ADF9}.Debug|Any CPU.ActiveCfg = Debug|Any CPU
		{5E99C460-34E0-488C-AB3C-98433389ADF9}.Debug|Any CPU.Build.0 = Debug|Any CPU
		{5E99C460-34E0-488C-AB3C-98433389ADF9}.Release|Any CPU.ActiveCfg = Release|Any CPU
		{5E99C460-34E0-488C-AB3C-98433389ADF9}.Release|Any CPU.Build.0 = Release|Any CPU
		{F5F63166-2745-4CB2-84CB-94C472CDEE20}.Debug|Any CPU.ActiveCfg = Debug|Any CPU
		{F5F63166-2745-4CB2-84CB-94C472CDEE20}.Debug|Any CPU.Build.0 = Debug|Any CPU
		{F5F63166-2745-4CB2-84CB-94C472CDEE20}.Release|Any CPU.ActiveCfg = Release|Any CPU
		{F5F63166-2745-4CB2-84CB-94C472CDEE20}.Release|Any CPU.Build.0 = Release|Any CPU
		{34C31D63-0796-457F-8630-6AD43865A439}.Debug|Any CPU.ActiveCfg = Debug|Any CPU
		{34C31D63-0796-457F-8630-6AD43865A439}.Debug|Any CPU.Build.0 = Debug|Any CPU
		{34C31D63-0796-457F-8630-6AD43865A439}.Release|Any CPU.ActiveCfg = Release|Any CPU
		{34C31D63-0796-457F-8630-6AD43865A439}.Release|Any CPU.Build.0 = Release|Any CPU
	EndGlobalSection
	GlobalSection(SolutionProperties) = preSolution
		HideSolutionNode = FALSE
	EndGlobalSection
	GlobalSection(ExtensibilityGlobals) = postSolution
		SolutionGuid = {4358E5E7-CDD6-4F90-9002-F61F3C9131B6}
	EndGlobalSection
EndGlobal
